
Microsoft Visual Studio Solution File, Format Version 12.00
# Visual Studio Version 17
VisualStudioVersion = 17.10.35122.118
MinimumVisualStudioVersion = 10.0.40219.1
Project("{FAE04EC0-301F-11D3-BF4B-00C04F79EFBC}") = "FibonacciNumbers", "FibonacciNumbers\FibonacciNumbers.csproj", "{141C5E13-70C9-4D1F-922E-21D14FDD4A05}"
EndProject
Global
	GlobalSection(SolutionConfigurationPlatforms) = preSolution
		Debug|Any CPU = Debug|Any CPU
		Release|Any CPU = Release|Any CPU
	EndGlobalSection
	GlobalSection(ProjectConfigurationPlatforms) = postSolution
		{141C5E13-70C9-4D1F-922E-21D14FDD4A05}.Debug|Any CPU.ActiveCfg = Debug|Any CPU
		{141C5E13-70C9-4D1F-922E-21D14FDD4A05}.Debug|Any CPU.Build.0 = Debug|Any CPU
		{141C5E13-70C9-4D1F-922E-21D14FDD4A05}.Release|Any CPU.ActiveCfg = Release|Any CPU
		{141C5E13-70C9-4D1F-922E-21D14FDD4A05}.Release|Any CPU.Build.0 = Release|Any CPU
	EndGlobalSection
	GlobalSection(SolutionProperties) = preSolution
		HideSolutionNode = FALSE
	EndGlobalSection
	GlobalSection(ExtensibilityGlobals) = postSolution
		SolutionGuid = {349B164A-1E47-4690-ADCB-4B382B8EFD4D}
	EndGlobalSection
EndGlobal
